
Microsoft Visual Studio Solution File, Format Version 12.00
# Visual Studio Version 17
VisualStudioVersion = 17.3.32825.248
MinimumVisualStudioVersion = 10.0.40219.1
Project("{FAE04EC0-301F-11D3-BF4B-00C04F79EFBC}") = "DeleteAndEditUsingAjax.Web", "DeleteAndEditUsingAjax.Web\DeleteAndEditUsingAjax.Web.csproj", "{0B881227-9B6A-45FB-A633-1F703BA1A458}"
EndProject
Project("{FAE04EC0-301F-11D3-BF4B-00C04F79EFBC}") = "DeleteAndEditUsingAjax.Data", "DeleteAndEditUsingAjax.Data\DeleteAndEditUsingAjax.Data.csproj", "{B57F417E-C2C7-4CEE-A7F0-70F67C4E17E6}"
EndProject
Global
	GlobalSection(SolutionConfigurationPlatforms) = preSolution
		Debug|Any CPU = Debug|Any CPU
		Release|Any CPU = Release|Any CPU
	EndGlobalSection
	GlobalSection(ProjectConfigurationPlatforms) = postSolution
		{0B881227-9B6A-45FB-A633-1F703BA1A458}.Debug|Any CPU.ActiveCfg = Debug|Any CPU
		{0B881227-9B6A-45FB-A633-1F703BA1A458}.Debug|Any CPU.Build.0 = Debug|Any CPU
		{0B881227-9B6A-45FB-A633-1F703BA1A458}.Release|Any CPU.ActiveCfg = Release|Any CPU
		{0B881227-9B6A-45FB-A633-1F703BA1A458}.Release|Any CPU.Build.0 = Release|Any CPU
		{B57F417E-C2C7-4CEE-A7F0-70F67C4E17E6}.Debug|Any CPU.ActiveCfg = Debug|Any CPU
		{B57F417E-C2C7-4CEE-A7F0-70F67C4E17E6}.Debug|Any CPU.Build.0 = Debug|Any CPU
		{B57F417E-C2C7-4CEE-A7F0-70F67C4E17E6}.Release|Any CPU.ActiveCfg = Release|Any CPU
		{B57F417E-C2C7-4CEE-A7F0-70F67C4E17E6}.Release|Any CPU.Build.0 = Release|Any CPU
	EndGlobalSection
	GlobalSection(SolutionProperties) = preSolution
		HideSolutionNode = FALSE
	EndGlobalSection
	GlobalSection(ExtensibilityGlobals) = postSolution
		SolutionGuid = {241A2296-9840-4467-A44D-7017FB7F4530}
	EndGlobalSection
EndGlobal
